
Microsoft Visual Studio Solution File, Format Version 12.00
# Visual Studio 15
VisualStudioVersion = 15.0.27703.2000
MinimumVisualStudioVersion = 10.0.40219.1
Project("{FAE04EC0-301F-11D3-BF4B-00C04F79EFBC}") = "MyWindowsFormApp", "MyWindowsFormApp\MyWindowsFormApp.csproj", "{3A1306D7-3392-4F13-B945-52DB3D483EBB}"
EndProject
Global
	GlobalSection(SolutionConfigurationPlatforms) = preSolution
		Debug|Any CPU = Debug|Any CPU
		Release|Any CPU = Release|Any CPU
	EndGlobalSection
	GlobalSection(ProjectConfigurationPlatforms) = postSolution
		{3A1306D7-3392-4F13-B945-52DB3D483EBB}.Debug|Any CPU.ActiveCfg = Debug|Any CPU
		{3A1306D7-3392-4F13-B945-52DB3D483EBB}.Debug|Any CPU.Build.0 = Debug|Any CPU
		{3A1306D7-3392-4F13-B945-52DB3D483EBB}.Release|Any CPU.ActiveCfg = Release|Any CPU
		{3A1306D7-3392-4F13-B945-52DB3D483EBB}.Release|Any CPU.Build.0 = Release|Any CPU
	EndGlobalSection
	GlobalSection(SolutionProperties) = preSolution
		HideSolutionNode = FALSE
	EndGlobalSection
	GlobalSection(ExtensibilityGlobals) = postSolution
		SolutionGuid = {B63EBC2E-C32B-47C3-957D-23DB48BE8A8A}
	EndGlobalSection
EndGlobal
